
Microsoft Visual Studio Solution File, Format Version 12.00
# Visual Studio Version 16
VisualStudioVersion = 16.0.31129.286
MinimumVisualStudioVersion = 10.0.40219.1
Project("{FAE04EC0-301F-11D3-BF4B-00C04F79EFBC}") = "ProvaUCDB", "ProvaUCDB\ProvaUCDB.csproj", "{18A12B44-B100-496D-9877-D78EFE4229DC}"
EndProject
Global
	GlobalSection(SolutionConfigurationPlatforms) = preSolution
		Debug|Any CPU = Debug|Any CPU
		Release|Any CPU = Release|Any CPU
	EndGlobalSection
	GlobalSection(ProjectConfigurationPlatforms) = postSolution
		{18A12B44-B100-496D-9877-D78EFE4229DC}.Debug|Any CPU.ActiveCfg = Debug|Any CPU
		{18A12B44-B100-496D-9877-D78EFE4229DC}.Debug|Any CPU.Build.0 = Debug|Any CPU
		{18A12B44-B100-496D-9877-D78EFE4229DC}.Release|Any CPU.ActiveCfg = Release|Any CPU
		{18A12B44-B100-496D-9877-D78EFE4229DC}.Release|Any CPU.Build.0 = Release|Any CPU
	EndGlobalSection
	GlobalSection(SolutionProperties) = preSolution
		HideSolutionNode = FALSE
	EndGlobalSection
	GlobalSection(ExtensibilityGlobals) = postSolution
		SolutionGuid = {3792FC97-874F-4EA0-8600-AFF8A4D7BCDE}
	EndGlobalSection
EndGlobal
