
Microsoft Visual Studio Solution File, Format Version 12.00
# Visual Studio Version 16
VisualStudioVersion = 16.0.31129.286
MinimumVisualStudioVersion = 10.0.40219.1
Project("{FAE04EC0-301F-11D3-BF4B-00C04F79EFBC}") = "ProvaUCDB", "ProvaUCDB\ProvaUCDB.csproj", "{8CAE7347-9D08-4752-BDD9-3883E02B9AFB}"
EndProject
Global
	GlobalSection(SolutionConfigurationPlatforms) = preSolution
		Debug|Any CPU = Debug|Any CPU
		Release|Any CPU = Release|Any CPU
	EndGlobalSection
	GlobalSection(ProjectConfigurationPlatforms) = postSolution
		{8CAE7347-9D08-4752-BDD9-3883E02B9AFB}.Debug|Any CPU.ActiveCfg = Debug|Any CPU
		{8CAE7347-9D08-4752-BDD9-3883E02B9AFB}.Debug|Any CPU.Build.0 = Debug|Any CPU
		{8CAE7347-9D08-4752-BDD9-3883E02B9AFB}.Release|Any CPU.ActiveCfg = Release|Any CPU
		{8CAE7347-9D08-4752-BDD9-3883E02B9AFB}.Release|Any CPU.Build.0 = Release|Any CPU
	EndGlobalSection
	GlobalSection(SolutionProperties) = preSolution
		HideSolutionNode = FALSE
	EndGlobalSection
	GlobalSection(ExtensibilityGlobals) = postSolution
		SolutionGuid = {069E71E0-4C38-4CF5-B1A0-97DCD51E65EE}
	EndGlobalSection
EndGlobal
